
Microsoft Visual Studio Solution File, Format Version 12.00
Project("{2150E333-8FDC-42A3-9474-1A3956D46DE8}") = "src", "src", "{13A177E8-4016-4D4B-A2D3-378931EAEFB3}"
EndProject
Project("{2150E333-8FDC-42A3-9474-1A3956D46DE8}") = "API", "API", "{DE199110-379A-47C5-8D16-1533FEB821CF}"
EndProject
Project("{2150E333-8FDC-42A3-9474-1A3956D46DE8}") = "Modules", "Modules", "{F2693A69-C295-4EB6-A59F-DFD481854416}"
EndProject
Project("{2150E333-8FDC-42A3-9474-1A3956D46DE8}") = "Events", "Events", "{B5F65F95-F5C0-45EC-8749-0B2310CC1503}"
EndProject
Project("{FAE04EC0-301F-11D3-BF4B-00C04F79EFBC}") = "Evently.Api", "src\Evently.Api\Evently.Api.csproj", "{C52BBB9C-B759-49A3-A51E-C8FCC5AB1BA1}"
EndProject
Project("{FAE04EC0-301F-11D3-BF4B-00C04F79EFBC}") = "Evently.Modules.Events.Api", "src\Evently.Modules.Events.Api\Evently.Modules.Events.Api.csproj", "{81D1B130-4A22-4D3A-81B8-158B999E9807}"
EndProject
Project("{FAE04EC0-301F-11D3-BF4B-00C04F79EFBC}") = "docker-compose", "docker-compose.dcproj", "{4AF79501-F785-4B98-8EE5-54BE186D67A2}"
EndProject
Global
	GlobalSection(SolutionConfigurationPlatforms) = preSolution
		Debug|Any CPU = Debug|Any CPU
		Release|Any CPU = Release|Any CPU
	EndGlobalSection
	GlobalSection(NestedProjects) = preSolution
		{DE199110-379A-47C5-8D16-1533FEB821CF} = {13A177E8-4016-4D4B-A2D3-378931EAEFB3}
		{F2693A69-C295-4EB6-A59F-DFD481854416} = {13A177E8-4016-4D4B-A2D3-378931EAEFB3}
		{B5F65F95-F5C0-45EC-8749-0B2310CC1503} = {F2693A69-C295-4EB6-A59F-DFD481854416}
		{C52BBB9C-B759-49A3-A51E-C8FCC5AB1BA1} = {DE199110-379A-47C5-8D16-1533FEB821CF}
		{81D1B130-4A22-4D3A-81B8-158B999E9807} = {B5F65F95-F5C0-45EC-8749-0B2310CC1503}
	EndGlobalSection
	GlobalSection(ProjectConfigurationPlatforms) = postSolution
		{C52BBB9C-B759-49A3-A51E-C8FCC5AB1BA1}.Debug|Any CPU.ActiveCfg = Debug|Any CPU
		{C52BBB9C-B759-49A3-A51E-C8FCC5AB1BA1}.Debug|Any CPU.Build.0 = Debug|Any CPU
		{C52BBB9C-B759-49A3-A51E-C8FCC5AB1BA1}.Release|Any CPU.ActiveCfg = Release|Any CPU
		{C52BBB9C-B759-49A3-A51E-C8FCC5AB1BA1}.Release|Any CPU.Build.0 = Release|Any CPU
		{81D1B130-4A22-4D3A-81B8-158B999E9807}.Debug|Any CPU.ActiveCfg = Debug|Any CPU
		{81D1B130-4A22-4D3A-81B8-158B999E9807}.Debug|Any CPU.Build.0 = Debug|Any CPU
		{81D1B130-4A22-4D3A-81B8-158B999E9807}.Release|Any CPU.ActiveCfg = Release|Any CPU
		{81D1B130-4A22-4D3A-81B8-158B999E9807}.Release|Any CPU.Build.0 = Release|Any CPU
	EndGlobalSection
EndGlobal
